{
  "version": 4,
  "terraform_version": "1.11.3",
  "serial": 18,
  "lineage": "48543145-1d88-2546-fc38-6a4312f76b40",
  "outputs": {
    "available_images": {
      "value": [
        "5d6c6722-02ae-4058-a65d-a008e07d19af",
        "3b8da2ba-9a56-4ca5-82ee-b826f730130f",
        "e1558d1e-f628-48c5-9f10-9b87c2b72dd3",
        "97c8b739-9453-4d4a-8020-3ba39c64e312",
        "2e71fca2-9a03-4452-a582-801356cac947",
        "00bcffd3-0b90-47be-a44f-13af33362e8c",
        "9c00dea5-1155-46ca-b0e7-b4f84ca96da3",
        "7c1b0427-8aab-4b3b-b9d5-7cd5436aef7c",
        "1354b21d-b4a6-4727-ade3-da136861503e",
        "ffd867af-1f6e-4c06-8579-700dffb7fc3e",
        "00560696-c9d3-420a-bd1c-1882bb0c5082",
        "9625fb4e-ea46-4b8d-95c8-5ca7398e95d2",
        "cc5886b5-f3cf-4405-804b-3fcd7fbca8c2",
        "236847e3-f3fa-4511-baaf-e4337110a2f0",
        "b6ec574c-9958-4ea4-a156-22d23e78991b",
        "0e9d42b9-58fc-42b4-ba62-a807a444c48e",
        "bfc88fc2-c853-416c-a4df-4dea9977bc52",
        "6f63f6ee-4b4a-463a-8125-d754c26149be",
        "dce72033-67fb-43da-8344-04402a4174c0",
        "ce7abfb1-bb82-484e-90c6-bb284449d7dd",
        "01b7ce6e-5f6a-47c3-ad56-be0385698e40",
        "2653d770-81fe-4298-9699-90e2f93a5629",
        "8735e0ab-6b15-4816-a7ef-382128680e95",
        "86aa27c8-0b68-4c9f-80d3-791288fd5f0d",
        "3feaf234-f385-4a22-b8fa-137b6437df8d",
        "9123027e-a974-4579-b093-571ee81e3db5",
        "5c1ea3f1-2595-4be6-8d05-54c438830aa7",
        "4e0013ae-e61b-421f-83df-781ea1633776",
        "47dac8db-5167-40b9-9b22-615a907f53be",
        "1b549b7b-0ddc-4590-976f-de291ae01ba1",
        "b9f6f9d9-7989-44e2-9e72-76684ce582de",
        "d423d0b0-f730-457f-9159-be88ce60e943",
        "de0e5dae-ffab-4a0a-87a3-f05263d99a56",
        "c14f4728-dce8-4248-9ca0-4a019b54e65f",
        "ec665219-cc8c-4df0-aa45-a886c6ea9701"
      ],
      "type": [
        "list",
        "string"
      ]
    },
    "instance_ip": {
      "value": "188.213.128.224",
      "type": "string"
    }
  },
  "resources": [
    {
      "mode": "data",
      "type": "openstack_compute_flavor_v2",
      "name": "small",
      "provider": "provider[\"registry.terraform.io/terraform-provider-openstack/openstack\"]",
      "instances": [
        {
          "schema_version": 0,
          "attributes": {
            "description": "",
            "disk": 20,
            "extra_specs": {
              "hw:cpu_sockets": "1",
              "quota:disk_read_iops_sec": "500",
              "quota:disk_write_bytes_sec": "209715200",
              "quota:disk_write_iops_sec": "500"
            },
            "flavor_id": "21aad244-a330-4e79-ba80-4c057cf742f9",
            "id": "21aad244-a330-4e79-ba80-4c057cf742f9",
            "is_public": true,
            "min_disk": null,
            "min_ram": null,
            "name": "a1-ram2-disk20-perf1",
            "ram": 2048,
            "region": null,
            "rx_tx_factor": 1,
            "swap": 0,
            "vcpus": 1
          },
          "sensitive_attributes": []
        }
      ]
    },
    {
      "mode": "data",
      "type": "openstack_images_image_ids_v2",
      "name": "images",
      "provider": "provider[\"registry.terraform.io/terraform-provider-openstack/openstack\"]",
      "instances": [
        {
          "schema_version": 0,
          "attributes": {
            "id": "1559225412",
            "ids": [
              "5d6c6722-02ae-4058-a65d-a008e07d19af",
              "3b8da2ba-9a56-4ca5-82ee-b826f730130f",
              "e1558d1e-f628-48c5-9f10-9b87c2b72dd3",
              "97c8b739-9453-4d4a-8020-3ba39c64e312",
              "2e71fca2-9a03-4452-a582-801356cac947",
              "00bcffd3-0b90-47be-a44f-13af33362e8c",
              "9c00dea5-1155-46ca-b0e7-b4f84ca96da3",
              "7c1b0427-8aab-4b3b-b9d5-7cd5436aef7c",
              "1354b21d-b4a6-4727-ade3-da136861503e",
              "ffd867af-1f6e-4c06-8579-700dffb7fc3e",
              "00560696-c9d3-420a-bd1c-1882bb0c5082",
              "9625fb4e-ea46-4b8d-95c8-5ca7398e95d2",
              "cc5886b5-f3cf-4405-804b-3fcd7fbca8c2",
              "236847e3-f3fa-4511-baaf-e4337110a2f0",
              "b6ec574c-9958-4ea4-a156-22d23e78991b",
              "0e9d42b9-58fc-42b4-ba62-a807a444c48e",
              "bfc88fc2-c853-416c-a4df-4dea9977bc52",
              "6f63f6ee-4b4a-463a-8125-d754c26149be",
              "dce72033-67fb-43da-8344-04402a4174c0",
              "ce7abfb1-bb82-484e-90c6-bb284449d7dd",
              "01b7ce6e-5f6a-47c3-ad56-be0385698e40",
              "2653d770-81fe-4298-9699-90e2f93a5629",
              "8735e0ab-6b15-4816-a7ef-382128680e95",
              "86aa27c8-0b68-4c9f-80d3-791288fd5f0d",
              "3feaf234-f385-4a22-b8fa-137b6437df8d",
              "9123027e-a974-4579-b093-571ee81e3db5",
              "5c1ea3f1-2595-4be6-8d05-54c438830aa7",
              "4e0013ae-e61b-421f-83df-781ea1633776",
              "47dac8db-5167-40b9-9b22-615a907f53be",
              "1b549b7b-0ddc-4590-976f-de291ae01ba1",
              "b9f6f9d9-7989-44e2-9e72-76684ce582de",
              "d423d0b0-f730-457f-9159-be88ce60e943",
              "de0e5dae-ffab-4a0a-87a3-f05263d99a56",
              "c14f4728-dce8-4248-9ca0-4a019b54e65f",
              "ec665219-cc8c-4df0-aa45-a886c6ea9701"
            ],
            "member_status": null,
            "name": null,
            "name_regex": ".*",
            "owner": null,
            "properties": null,
            "region": "dc3-a",
            "size_max": null,
            "size_min": null,
            "sort": "name",
            "sort_direction": null,
            "sort_key": null,
            "tag": null,
            "tags": null,
            "visibility": null
          },
          "sensitive_attributes": []
        }
      ]
    },
    {
      "mode": "data",
      "type": "openstack_images_image_v2",
      "name": "ubuntu",
      "provider": "provider[\"registry.terraform.io/terraform-provider-openstack/openstack\"]",
      "instances": [
        {
          "schema_version": 0,
          "attributes": {
            "checksum": "458301c3c514f91b809f169c49da0a43",
            "container_format": "bare",
            "created_at": "2025-03-31T09:05:49Z",
            "disk_format": "qcow2",
            "file": "/v2/images/7c1b0427-8aab-4b3b-b9d5-7cd5436aef7c/file",
            "hidden": false,
            "id": "7c1b0427-8aab-4b3b-b9d5-7cd5436aef7c",
            "member_status": null,
            "metadata": {},
            "min_disk_gb": 3,
            "min_ram_mb": 0,
            "most_recent": true,
            "name": "Ubuntu 22.04 LTS Jammy Jellyfish",
            "name_regex": "(?i)ubuntu.*22.04",
            "owner": "d24549d138564d18a8287179bbebfb0d",
            "properties": {
              "architecture": "x86_64",
              "hw_disk_bus": "scsi",
              "hw_firmware_type": "bios",
              "hw_qemu_guest_agent": "yes",
              "hw_scsi_model": "virtio-scsi",
              "hw_vif_multiqueue_enabled": "True",
              "os_admin_user": "ubuntu",
              "os_distro": "ubuntu",
              "os_hash_algo": "sha512",
              "os_hash_value": "0c0802f126784a579556f787d2616be9a80d6113329c4c6974f17d3e633f1b5d377deb26cc50ca7147463c270fbfe022b5e9366169e68e8acd3398d34de0dd80",
              "os_type": "linux",
              "os_version": "22.04",
              "owner_specified.openstack.md5": "",
              "owner_specified.openstack.object": "images/Ubuntu 22.04 LTS Jammy Jellyfish",
              "owner_specified.openstack.sha256": "",
              "provider_name": "Ubuntu",
              "provider_release": "jammy",
              "provider_version_hash": "ba922fd70e9543b5e5255b8d3e1fe2a5",
              "stores": "swift"
            },
            "protected": false,
            "region": "dc3-a",
            "schema": "/v2/schemas/image",
            "size_bytes": 668097536,
            "size_max": null,
            "size_min": null,
            "sort_direction": "asc",
            "sort_key": "name",
            "tag": null,
            "tags": [
              "ik-auto"
            ],
            "updated_at": "2025-03-31T09:06:00Z",
            "visibility": "public"
          },
          "sensitive_attributes": []
        }
      ]
    },
    {
      "mode": "managed",
      "type": "openstack_compute_instance_v2",
      "name": "web_server",
      "provider": "provider[\"registry.terraform.io/terraform-provider-openstack/openstack\"]",
      "instances": [
        {
          "schema_version": 0,
          "attributes": {
            "access_ip_v4": "188.213.128.224",
            "access_ip_v6": "[2001:1600:10:100::650]",
            "admin_pass": null,
            "all_metadata": {},
            "all_tags": [],
            "availability_zone": "dc3-a-09",
            "availability_zone_hints": null,
            "block_device": [],
            "config_drive": null,
            "created": "2025-04-09 09:01:34 +0000 UTC",
            "flavor_id": "21aad244-a330-4e79-ba80-4c057cf742f9",
            "flavor_name": "a1-ram2-disk20-perf1",
            "floating_ip": null,
            "force_delete": false,
            "id": "6b5c7ebb-2587-42a0-b5f3-2902f156de49",
            "image_id": "7c1b0427-8aab-4b3b-b9d5-7cd5436aef7c",
            "image_name": "Ubuntu 22.04 LTS Jammy Jellyfish",
            "key_pair": "terraform-key",
            "metadata": null,
            "name": "web-server",
            "network": [
              {
                "access_network": false,
                "fixed_ip_v4": "188.213.128.224",
                "fixed_ip_v6": "[2001:1600:10:100::650]",
                "floating_ip": "",
                "mac": "fa:16:3e:34:3a:24",
                "name": "ext-net1",
                "port": "",
                "uuid": "dcf25c41-9057-4bc2-8475-a2e3c5d8c662"
              }
            ],
            "network_mode": null,
            "personality": [],
            "power_state": "active",
            "region": "dc3-a",
            "scheduler_hints": [],
            "security_groups": [
              "default"
            ],
            "stop_before_destroy": false,
            "tags": [],
            "timeouts": null,
            "updated": "2025-04-09 09:01:51 +0000 UTC",
            "user_data": null,
            "vendor_options": [],
            "volume": []
          },
          "sensitive_attributes": [
            [
              {
                "type": "get_attr",
                "value": "admin_pass"
              }
            ]
          ],
          "private": "eyJlMmJmYjczMC1lY2FhLTExZTYtOGY4OC0zNDM2M2JjN2M0YzAiOnsiY3JlYXRlIjoxODAwMDAwMDAwMDAwLCJkZWxldGUiOjE4MDAwMDAwMDAwMDAsInVwZGF0ZSI6MTgwMDAwMDAwMDAwMH19",
          "dependencies": [
            "data.openstack_compute_flavor_v2.small",
            "data.openstack_images_image_v2.ubuntu",
            "openstack_compute_keypair_v2.terraform_key"
          ]
        }
      ]
    },
    {
      "mode": "managed",
      "type": "openstack_compute_keypair_v2",
      "name": "terraform_key",
      "provider": "provider[\"registry.terraform.io/terraform-provider-openstack/openstack\"]",
      "instances": [
        {
          "schema_version": 0,
          "attributes": {
            "fingerprint": "a9:a6:c7:84:63:17:7c:8b:f8:a9:6b:83:d3:39:77:f2",
            "id": "terraform-key",
            "name": "terraform-key",
            "private_key": "-----BEGIN RSA PRIVATE KEY-----\nMIIEpAIBAAKCAQEAtNJBWnDnSOxL34suB1VvjirRgapKPi8JuUKThig4RC6KvX3R\nklcArUFrG6ywOZen7GbPz+hdNKwvCt4tJY/fDpeDDpOTUllIZ93yS3rfLJuHt5uA\n7WTRSiHOzDYSahFufwBCJcyMa/oSMQVmsESdQY18Mi41SZ3bxVZi0vRYa+ow0ItN\ngKa83mS5753GUV5VngkIJPeWq8He6K+/uCe/m5IMlb+JahjNaON7mBAhe7A5vlQl\nTM6blizh+8YGHADGzKFWZNqCisv7DUw/vavDE0OxZlCmeO4TFUDA1z9+svaZtdEa\nGICXnqC16cTo1JofFvk2WVo0wTxsSFMLw5jO0wIDAQABAoIBAQCLngkeNy0ubl3L\nVqEMwpgnUsJ/9yfqSdGdPV3Bac7APpub4slt0EXSgT+dl8JeRc5AR8ZQB1/oasbM\nAm8joKofjzd/is1m+U9h+8q5Iz+tJs4tJCHxqzW6os4Vee7P/XOvFlj87KrEOMvR\nFBWNJv2xfviVmn5EwGHQRnp53ndjopyUZnTVYkVz3Hfo4pNK1951B02DHH3J4Z5n\ng1JkSTv+GO3inzI3/2uT46QK8A/uGRYKYNKyZJTmloUto17jLBHabSJBWVhTOEms\nwywH+Kd3Fb6rZ1RTZvzXIPCoxu74sMVzK/hKW3cQ5AcVN12nTSC+wfmkwDj0fwC6\nu41y2RDpAoGBAOOdL7H/JU6xia8zRpn7yh2lwB6nIlsVKQTrQv1YCSS7N//RTTdJ\nisp+eSYszIBUYStt7xrM/uJs5393H3XxE7nLngvBo7HM8cQYgFBaRK6dwHs8akhw\nxy4vNYXmcuWtV9rioCS3eKwrVQSh60A6LaK9hngin4R5FY/E0arobpvnAoGBAMtf\nKddLN5Cdu3CJM6nKP6F9osraKh44DXmVztqCQm5r3nLhWSC678iWy1MvYBZEsPto\nACjKmNeGP4CeTAPEk+qVzDsrdv7Q5sWIkL2tjci2TUyW5AbAHtbIj6pfD9pr4PTt\nE3J0r7Q5gu06e2uhAGZ0ZhvTomwQFAP4V19lqDg1AoGAU3UpLdzd8xLJ50Gn24Il\nQ+WoohSqVjdWCQWyVG5ZO+yhxd0asPD4QPNKvKKkgVFvJ5txlqQfuSoxX91v3bD9\niJyOYMUpnmIFK9/H/K58jIIvN4CZf+JKRjbtKyGqc2ix1AJQseXMC2UAEWjFd5Fd\ndlSD37ziPJKhQ0vpjP8Yv3UCgYA+3e0OO5cyoj/GGvOYggfHgRHoySYJ72Pi+PdX\nvrqQbdH3C0hFAOSMymiSD2wRlixrmwupkG9M+Jf6x3RSGdtrweC/TcFcJfGgkIXF\nzLeumwQsL9zPZWZjGN6oWPiKmZyRuhOv5vhFqx2Y/eIXNE7uXP8PjQ2BgDrfu04v\nFDq7HQKBgQCU9QmrIBewKURWdkDO+zAMG2DBbYxX+bAq0G3Bi/891MYijGIR1j34\na4hjSWK0WjJYgOEwb64uM00wte8KlWprjy8qwXZoyBabbGKSBNyuPO/6RuaSVHAN\ndbWchGWHMe6sOxKhMqpT/b968qCdN7qCQ/XwIxjFdHR3VGa0PlvCZg==\n-----END RSA PRIVATE KEY-----\n",
            "public_key": "ssh-rsa AAAAB3NzaC1yc2EAAAADAQABAAABAQC00kFacOdI7Evfiy4HVW+OKtGBqko+Lwm5QpOGKDhELoq9fdGSVwCtQWsbrLA5l6fsZs/P6F00rC8K3i0lj98Ol4MOk5NSWUhn3fJLet8sm4e3m4DtZNFKIc7MNhJqEW5/AEIlzIxr+hIxBWawRJ1BjXwyLjVJndvFVmLS9Fhr6jDQi02AprzeZLnvncZRXlWeCQgk95arwd7or7+4J7+bkgyVv4lqGM1o43uYECF7sDm+VCVMzpuWLOH7xgYcAMbMoVZk2oKKy/sNTD+9q8MTQ7FmUKZ47hMVQMDXP36y9pm10RoYgJeeoLXpxOjUmh8W+TZZWjTBPGxIUwvDmM7T Generated-by-Nova",
            "region": "dc3-a",
            "user_id": "",
            "value_specs": null
          },
          "sensitive_attributes": [],
          "private": "bnVsbA=="
        }
      ]
    },
    {
      "mode": "managed",
      "type": "openstack_lb_listener_v2",
      "name": "http_listener",
      "provider": "provider[\"registry.terraform.io/terraform-provider-openstack/openstack\"]",
      "instances": [
        {
          "schema_version": 0,
          "attributes": {
            "admin_state_up": true,
            "allowed_cidrs": [],
            "connection_limit": -1,
            "default_pool_id": "b4aad2ee-422f-4ac8-a22a-e9f5e6dbd617",
            "default_tls_container_ref": "",
            "description": "",
            "id": "13563480-c469-4414-bdda-f3f83b47d194",
            "insert_headers": {},
            "loadbalancer_id": "bf5f734d-6946-4076-8cbf-44a4394334cb",
            "name": "http-listener",
            "protocol": "HTTP",
            "protocol_port": 80,
            "region": "dc3-a",
            "sni_container_refs": [],
            "tags": [],
            "tenant_id": "902c248b2f7e45a48b0fdc529d718497",
            "timeout_client_data": 50000,
            "timeout_member_connect": 5000,
            "timeout_member_data": 50000,
            "timeout_tcp_inspect": 0,
            "timeouts": null
          },
          "sensitive_attributes": [],
          "private": "eyJlMmJmYjczMC1lY2FhLTExZTYtOGY4OC0zNDM2M2JjN2M0YzAiOnsiY3JlYXRlIjo2MDAwMDAwMDAwMDAsImRlbGV0ZSI6NjAwMDAwMDAwMDAwLCJ1cGRhdGUiOjYwMDAwMDAwMDAwMH19",
          "dependencies": [
            "openstack_lb_loadbalancer_v2.lb",
            "openstack_networking_network_v2.private_network",
            "openstack_networking_subnet_v2.private_subnet"
          ]
        }
      ]
    },
    {
      "mode": "managed",
      "type": "openstack_lb_loadbalancer_v2",
      "name": "lb",
      "provider": "provider[\"registry.terraform.io/terraform-provider-openstack/openstack\"]",
      "instances": [
        {
          "schema_version": 0,
          "attributes": {
            "admin_state_up": true,
            "availability_zone": "",
            "description": "",
            "flavor_id": "",
            "id": "bf5f734d-6946-4076-8cbf-44a4394334cb",
            "loadbalancer_provider": "amphora",
            "name": "web-loadbalancer",
            "region": "dc3-a",
            "security_group_ids": [
              "3c3a0191-c286-44ec-9b93-7c9cd669182b"
            ],
            "tags": [],
            "tenant_id": "902c248b2f7e45a48b0fdc529d718497",
            "timeouts": null,
            "vip_address": "192.168.1.22",
            "vip_network_id": "850a93cf-3b2d-42f6-a5c3-7699c008b895",
            "vip_port_id": "5a40413c-fce1-4afe-8da1-7826ee77dfe0",
            "vip_subnet_id": "bcee7027-f7e6-4c7e-81a4-18bb0174dec6"
          },
          "sensitive_attributes": [],
          "private": "eyJlMmJmYjczMC1lY2FhLTExZTYtOGY4OC0zNDM2M2JjN2M0YzAiOnsiY3JlYXRlIjo2MDAwMDAwMDAwMDAsImRlbGV0ZSI6MzAwMDAwMDAwMDAwLCJ1cGRhdGUiOjYwMDAwMDAwMDAwMH19",
          "dependencies": [
            "openstack_networking_network_v2.private_network",
            "openstack_networking_subnet_v2.private_subnet"
          ]
        }
      ]
    },
    {
      "mode": "managed",
      "type": "openstack_lb_member_v2",
      "name": "web_member",
      "provider": "provider[\"registry.terraform.io/terraform-provider-openstack/openstack\"]",
      "instances": [
        {
          "schema_version": 0,
          "attributes": {
            "address": "188.213.128.224",
            "admin_state_up": true,
            "backup": false,
            "id": "813cbcc0-1dc0-451d-aff3-83eab025b450",
            "monitor_address": "",
            "monitor_port": 0,
            "name": "",
            "pool_id": "b4aad2ee-422f-4ac8-a22a-e9f5e6dbd617",
            "protocol_port": 80,
            "region": "dc3-a",
            "subnet_id": "",
            "tenant_id": "902c248b2f7e45a48b0fdc529d718497",
            "timeouts": null,
            "weight": 1
          },
          "sensitive_attributes": [],
          "private": "eyJlMmJmYjczMC1lY2FhLTExZTYtOGY4OC0zNDM2M2JjN2M0YzAiOnsiY3JlYXRlIjo2MDAwMDAwMDAwMDAsImRlbGV0ZSI6NjAwMDAwMDAwMDAwLCJ1cGRhdGUiOjYwMDAwMDAwMDAwMH19",
          "dependencies": [
            "data.openstack_compute_flavor_v2.small",
            "data.openstack_images_image_v2.ubuntu",
            "openstack_compute_instance_v2.web_server",
            "openstack_compute_keypair_v2.terraform_key",
            "openstack_lb_listener_v2.http_listener",
            "openstack_lb_loadbalancer_v2.lb",
            "openstack_lb_pool_v2.http_pool",
            "openstack_networking_network_v2.private_network",
            "openstack_networking_subnet_v2.private_subnet"
          ]
        }
      ]
    },
    {
      "mode": "managed",
      "type": "openstack_lb_pool_v2",
      "name": "http_pool",
      "provider": "provider[\"registry.terraform.io/terraform-provider-openstack/openstack\"]",
      "instances": [
        {
          "schema_version": 0,
          "attributes": {
            "admin_state_up": true,
            "description": "",
            "id": "b4aad2ee-422f-4ac8-a22a-e9f5e6dbd617",
            "lb_method": "ROUND_ROBIN",
            "listener_id": "13563480-c469-4414-bdda-f3f83b47d194",
            "loadbalancer_id": null,
            "name": "http-pool",
            "persistence": [
              {
                "cookie_name": "",
                "type": ""
              }
            ],
            "protocol": "HTTP",
            "region": "dc3-a",
            "tenant_id": "902c248b2f7e45a48b0fdc529d718497",
            "timeouts": null
          },
          "sensitive_attributes": [],
          "private": "eyJlMmJmYjczMC1lY2FhLTExZTYtOGY4OC0zNDM2M2JjN2M0YzAiOnsiY3JlYXRlIjo2MDAwMDAwMDAwMDAsImRlbGV0ZSI6NjAwMDAwMDAwMDAwLCJ1cGRhdGUiOjYwMDAwMDAwMDAwMH19",
          "dependencies": [
            "openstack_lb_listener_v2.http_listener",
            "openstack_lb_loadbalancer_v2.lb",
            "openstack_networking_network_v2.private_network",
            "openstack_networking_subnet_v2.private_subnet"
          ]
        }
      ]
    },
    {
      "mode": "managed",
      "type": "openstack_networking_network_v2",
      "name": "private_network",
      "provider": "provider[\"registry.terraform.io/terraform-provider-openstack/openstack\"]",
      "instances": [
        {
          "schema_version": 0,
          "attributes": {
            "admin_state_up": true,
            "all_tags": [],
            "availability_zone_hints": [],
            "description": "",
            "dns_domain": "",
            "external": false,
            "id": "850a93cf-3b2d-42f6-a5c3-7699c008b895",
            "mtu": 1500,
            "name": "private-network",
            "port_security_enabled": true,
            "qos_policy_id": "",
            "region": "dc3-a",
            "segments": [],
            "shared": false,
            "tags": [],
            "tenant_id": "902c248b2f7e45a48b0fdc529d718497",
            "timeouts": null,
            "transparent_vlan": false,
            "value_specs": null
          },
          "sensitive_attributes": [],
          "private": "eyJlMmJmYjczMC1lY2FhLTExZTYtOGY4OC0zNDM2M2JjN2M0YzAiOnsiY3JlYXRlIjo2MDAwMDAwMDAwMDAsImRlbGV0ZSI6NjAwMDAwMDAwMDAwfX0="
        }
      ]
    },
    {
      "mode": "managed",
      "type": "openstack_networking_secgroup_rule_v2",
      "name": "http_rule",
      "provider": "provider[\"registry.terraform.io/terraform-provider-openstack/openstack\"]",
      "instances": [
        {
          "schema_version": 0,
          "attributes": {
            "description": "",
            "direction": "ingress",
            "ethertype": "IPv4",
            "id": "6360ebd5-1593-465c-a816-29805d56c740",
            "port_range_max": 80,
            "port_range_min": 80,
            "protocol": "tcp",
            "region": "dc3-a",
            "remote_group_id": "",
            "remote_ip_prefix": "0.0.0.0/0",
            "security_group_id": "eb9945ea-e6f5-48ad-ab0b-5f4df13a0f71",
            "tenant_id": "902c248b2f7e45a48b0fdc529d718497",
            "timeouts": null
          },
          "sensitive_attributes": [],
          "private": "eyJlMmJmYjczMC1lY2FhLTExZTYtOGY4OC0zNDM2M2JjN2M0YzAiOnsiZGVsZXRlIjo2MDAwMDAwMDAwMDB9fQ==",
          "dependencies": [
            "openstack_networking_secgroup_v2.web_secgroup"
          ]
        }
      ]
    },
    {
      "mode": "managed",
      "type": "openstack_networking_secgroup_rule_v2",
      "name": "ssh_rule",
      "provider": "provider[\"registry.terraform.io/terraform-provider-openstack/openstack\"]",
      "instances": [
        {
          "schema_version": 0,
          "attributes": {
            "description": "",
            "direction": "ingress",
            "ethertype": "IPv4",
            "id": "49ec8143-b188-468b-a09c-0206dd8d4003",
            "port_range_max": 22,
            "port_range_min": 22,
            "protocol": "tcp",
            "region": "dc3-a",
            "remote_group_id": "",
            "remote_ip_prefix": "0.0.0.0/0",
            "security_group_id": "eb9945ea-e6f5-48ad-ab0b-5f4df13a0f71",
            "tenant_id": "902c248b2f7e45a48b0fdc529d718497",
            "timeouts": null
          },
          "sensitive_attributes": [],
          "private": "eyJlMmJmYjczMC1lY2FhLTExZTYtOGY4OC0zNDM2M2JjN2M0YzAiOnsiZGVsZXRlIjo2MDAwMDAwMDAwMDB9fQ==",
          "dependencies": [
            "openstack_networking_secgroup_v2.web_secgroup"
          ]
        }
      ]
    },
    {
      "mode": "managed",
      "type": "openstack_networking_secgroup_v2",
      "name": "web_secgroup",
      "provider": "provider[\"registry.terraform.io/terraform-provider-openstack/openstack\"]",
      "instances": [
        {
          "schema_version": 0,
          "attributes": {
            "all_tags": [],
            "delete_default_rules": null,
            "description": "Security group for web servers",
            "id": "eb9945ea-e6f5-48ad-ab0b-5f4df13a0f71",
            "name": "web-secgroup",
            "region": "dc3-a",
            "tags": [],
            "tenant_id": "902c248b2f7e45a48b0fdc529d718497",
            "timeouts": null
          },
          "sensitive_attributes": [],
          "private": "eyJlMmJmYjczMC1lY2FhLTExZTYtOGY4OC0zNDM2M2JjN2M0YzAiOnsiZGVsZXRlIjo2MDAwMDAwMDAwMDB9fQ=="
        }
      ]
    },
    {
      "mode": "managed",
      "type": "openstack_networking_subnet_v2",
      "name": "private_subnet",
      "provider": "provider[\"registry.terraform.io/terraform-provider-openstack/openstack\"]",
      "instances": [
        {
          "schema_version": 0,
          "attributes": {
            "all_tags": [],
            "allocation_pool": [
              {
                "end": "192.168.1.254",
                "start": "192.168.1.2"
              }
            ],
            "allocation_pools": [
              {
                "end": "192.168.1.254",
                "start": "192.168.1.2"
              }
            ],
            "cidr": "192.168.1.0/24",
            "description": "",
            "dns_nameservers": [],
            "enable_dhcp": true,
            "gateway_ip": "192.168.1.1",
            "host_routes": [],
            "id": "bcee7027-f7e6-4c7e-81a4-18bb0174dec6",
            "ip_version": 4,
            "ipv6_address_mode": "",
            "ipv6_ra_mode": "",
            "name": "private-subnet",
            "network_id": "850a93cf-3b2d-42f6-a5c3-7699c008b895",
            "no_gateway": false,
            "prefix_length": null,
            "region": "dc3-a",
            "service_types": [],
            "subnetpool_id": "",
            "tags": [],
            "tenant_id": "902c248b2f7e45a48b0fdc529d718497",
            "timeouts": null,
            "value_specs": null
          },
          "sensitive_attributes": [],
          "private": "eyJlMmJmYjczMC1lY2FhLTExZTYtOGY4OC0zNDM2M2JjN2M0YzAiOnsiY3JlYXRlIjo2MDAwMDAwMDAwMDAsImRlbGV0ZSI6NjAwMDAwMDAwMDAwfX0=",
          "dependencies": [
            "openstack_networking_network_v2.private_network"
          ]
        }
      ]
    }
  ],
  "check_results": null
}
